// !$*UTF8*$!
{
	archiveVersion = 1;
	classes = {
	};
	objectVersion = 56;
	objects = {

/* Begin PBXBuildFile section */
		CB9A6A3428D3B19C0046E9C8 /* WhatsNewiOS16App.swift in Sources */ = {isa = PBXBuildFile; fileRef = CB9A6A3328D3B19C0046E9C8 /* WhatsNewiOS16App.swift */; };
		CB9A6A3628D3B19C0046E9C8 /* ContentView.swift in Sources */ = {isa = PBXBuildFile; fileRef = CB9A6A3528D3B19C0046E9C8 /* ContentView.swift */; };
		CB9A6A3828D3B19D0046E9C8 /* Assets.xcassets in Resources */ = {isa = PBXBuildFile; fileRef = CB9A6A3728D3B19D0046E9C8 /* Assets.xcassets */; };
		CB9A6A3B28D3B19D0046E9C8 /* Preview Assets.xcassets in Resources */ = {isa = PBXBuildFile; fileRef = CB9A6A3A28D3B19D0046E9C8 /* Preview Assets.xcassets */; };
		CB9A6A4528D3B19D0046E9C8 /* WhatsNewiOS16Tests.swift in Sources */ = {isa = PBXBuildFile; fileRef = CB9A6A4428D3B19D0046E9C8 /* WhatsNewiOS16Tests.swift */; };
		CB9A6A4F28D3B19D0046E9C8 /* WhatsNewiOS16UITests.swift in Sources */ = {isa = PBXBuildFile; fileRef = CB9A6A4E28D3B19D0046E9C8 /* WhatsNewiOS16UITests.swift */; };
		CB9A6A5128D3B19D0046E9C8 /* WhatsNewiOS16UITestsLaunchTests.swift in Sources */ = {isa = PBXBuildFile; fileRef = CB9A6A5028D3B19D0046E9C8 /* WhatsNewiOS16UITestsLaunchTests.swift */; };
		CB9A6A5E28D3B2390046E9C8 /* ChartView.swift in Sources */ = {isa = PBXBuildFile; fileRef = CB9A6A5D28D3B2390046E9C8 /* ChartView.swift */; };
		CB9A6A6228D3BA950046E9C8 /* SFSymbols4View.swift in Sources */ = {isa = PBXBuildFile; fileRef = CB9A6A6128D3BA950046E9C8 /* SFSymbols4View.swift */; };
/* End PBXBuildFile section */

/* Begin PBXContainerItemProxy section */
		CB9A6A4128D3B19D0046E9C8 /* PBXContainerItemProxy */ = {
			isa = PBXContainerItemProxy;
			containerPortal = CB9A6A2828D3B19B0046E9C8 /* Project object */;
			proxyType = 1;
			remoteGlobalIDString = CB9A6A2F28D3B19B0046E9C8;
			remoteInfo = WhatsNewiOS16;
		};
		CB9A6A4B28D3B19D0046E9C8 /* PBXContainerItemProxy */ = {
			isa = PBXContainerItemProxy;
			containerPortal = CB9A6A2828D3B19B0046E9C8 /* Project object */;
			proxyType = 1;
			remoteGlobalIDString = CB9A6A2F28D3B19B0046E9C8;
			remoteInfo = WhatsNewiOS16;
		};
/* End PBXContainerItemProxy section */

/* Begin PBXFileReference section */
		CB9A6A3028D3B19C0046E9C8 /* WhatsNewiOS16.app */ = {isa = PBXFileReference; explicitFileType = wrapper.application; includeInIndex = 0; path = WhatsNewiOS16.app; sourceTree = BUILT_PRODUCTS_DIR; };
		CB9A6A3328D3B19C0046E9C8 /* WhatsNewiOS16App.swift */ = {isa = PBXFileReference; lastKnownFileType = sourcecode.swift; path = WhatsNewiOS16App.swift; sourceTree = "<group>"; };
		CB9A6A3528D3B19C0046E9C8 /* ContentView.swift */ = {isa = PBXFileReference; lastKnownFileType = sourcecode.swift; path = ContentView.swift; sourceTree = "<group>"; };
		CB9A6A3728D3B19D0046E9C8 /* Assets.xcassets */ = {isa = PBXFileReference; lastKnownFileType = folder.assetcatalog; path = Assets.xcassets; sourceTree = "<group>"; };
		CB9A6A3A28D3B19D0046E9C8 /* Preview Assets.xcassets */ = {isa = PBXFileReference; lastKnownFileType = folder.assetcatalog; path = "Preview Assets.xcassets"; sourceTree = "<group>"; };
		CB9A6A4028D3B19D0046E9C8 /* WhatsNewiOS16Tests.xctest */ = {isa = PBXFileReference; explicitFileType = wrapper.cfbundle; includeInIndex = 0; path = WhatsNewiOS16Tests.xctest; sourceTree = BUILT_PRODUCTS_DIR; };
		CB9A6A4428D3B19D0046E9C8 /* WhatsNewiOS16Tests.swift */ = {isa = PBXFileReference; lastKnownFileType = sourcecode.swift; path = WhatsNewiOS16Tests.swift; sourceTree = "<group>"; };
		CB9A6A4A28D3B19D0046E9C8 /* WhatsNewiOS16UITests.xctest */ = {isa = PBXFileReference; explicitFileType = wrapper.cfbundle; includeInIndex = 0; path = WhatsNewiOS16UITests.xctest; sourceTree = BUILT_PRODUCTS_DIR; };
		CB9A6A4E28D3B19D0046E9C8 /* WhatsNewiOS16UITests.swift */ = {isa = PBXFileReference; lastKnownFileType = sourcecode.swift; path = WhatsNewiOS16UITests.swift; sourceTree = "<group>"; };
		CB9A6A5028D3B19D0046E9C8 /* WhatsNewiOS16UITestsLaunchTests.swift */ = {isa = PBXFileReference; lastKnownFileType = sourcecode.swift; path = WhatsNewiOS16UITestsLaunchTests.swift; sourceTree = "<group>"; };
		CB9A6A5D28D3B2390046E9C8 /* ChartView.swift */ = {isa = PBXFileReference; lastKnownFileType = sourcecode.swift; path = ChartView.swift; sourceTree = "<group>"; };
		CB9A6A6128D3BA950046E9C8 /* SFSymbols4View.swift */ = {isa = PBXFileReference; lastKnownFileType = sourcecode.swift; path = SFSymbols4View.swift; sourceTree = "<group>"; };
/* End PBXFileReference section */

/* Begin PBXFrameworksBuildPhase section */
		CB9A6A2D28D3B19B0046E9C8 /* Frameworks */ = {
			isa = PBXFrameworksBuildPhase;
			buildActionMask = 2147483647;
			files = (
			);
			runOnlyForDeploymentPostprocessing = 0;
		};
		CB9A6A3D28D3B19D0046E9C8 /* Frameworks */ = {
			isa = PBXFrameworksBuildPhase;
			buildActionMask = 2147483647;
			files = (
			);
			runOnlyForDeploymentPostprocessing = 0;
		};
		CB9A6A4728D3B19D0046E9C8 /* Frameworks */ = {
			isa = PBXFrameworksBuildPhase;
			buildActionMask = 2147483647;
			files = (
			);
			runOnlyForDeploymentPostprocessing = 0;
		};
/* End PBXFrameworksBuildPhase section */

/* Begin PBXGroup section */
		CB9A6A2728D3B19B0046E9C8 = {
			isa = PBXGroup;
			children = (
				CB9A6A3228D3B19C0046E9C8 /* WhatsNewiOS16 */,
				CB9A6A4328D3B19D0046E9C8 /* WhatsNewiOS16Tests */,
				CB9A6A4D28D3B19D0046E9C8 /* WhatsNewiOS16UITests */,
				CB9A6A3128D3B19C0046E9C8 /* Products */,
			);
			sourceTree = "<group>";
		};
		CB9A6A3128D3B19C0046E9C8 /* Products */ = {
			isa = PBXGroup;
			children = (
				CB9A6A3028D3B19C0046E9C8 /* WhatsNewiOS16.app */,
				CB9A6A4028D3B19D0046E9C8 /* WhatsNewiOS16Tests.xctest */,
				CB9A6A4A28D3B19D0046E9C8 /* WhatsNewiOS16UITests.xctest */,
			);
			name = Products;
			sourceTree = "<group>";
		};
		CB9A6A3228D3B19C0046E9C8 /* WhatsNewiOS16 */ = {
			isa = PBXGroup;
			children = (
				CB9A6A3328D3B19C0046E9C8 /* WhatsNewiOS16App.swift */,
				CB9A6A3528D3B19C0046E9C8 /* ContentView.swift */,
				CB9A6A5D28D3B2390046E9C8 /* ChartView.swift */,
				CB9A6A6128D3BA950046E9C8 /* SFSymbols4View.swift */,
				CB9A6A3728D3B19D0046E9C8 /* Assets.xcassets */,
				CB9A6A3928D3B19D0046E9C8 /* Preview Content */,
			);
			path = WhatsNewiOS16;
			sourceTree = "<group>";
		};
		CB9A6A3928D3B19D0046E9C8 /* Preview Content */ = {
			isa = PBXGroup;
			children = (
				CB9A6A3A28D3B19D0046E9C8 /* Preview Assets.xcassets */,
			);
			path = "Preview Content";
			sourceTree = "<group>";
		};
		CB9A6A4328D3B19D0046E9C8 /* WhatsNewiOS16Tests */ = {
			isa = PBXGroup;
			children = (
				CB9A6A4428D3B19D0046E9C8 /* WhatsNewiOS16Tests.swift */,
			);
			path = WhatsNewiOS16Tests;
			sourceTree = "<group>";
		};
		CB9A6A4D28D3B19D0046E9C8 /* WhatsNewiOS16UITests */ = {
			isa = PBXGroup;
			children = (
				CB9A6A4E28D3B19D0046E9C8 /* WhatsNewiOS16UITests.swift */,
				CB9A6A5028D3B19D0046E9C8 /* WhatsNewiOS16UITestsLaunchTests.swift */,
			);
			path = WhatsNewiOS16UITests;
			sourceTree = "<group>";
		};
/* End PBXGroup section */

/* Begin PBXNativeTarget section */
		CB9A6A2F28D3B19B0046E9C8 /* WhatsNewiOS16 */ = {
			isa = PBXNativeTarget;
			buildConfigurationList = CB9A6A5428D3B19D0046E9C8 /* Build configuration list for PBXNativeTarget "WhatsNewiOS16" */;
			buildPhases = (
				CB9A6A2C28D3B19B0046E9C8 /* Sources */,
				CB9A6A2D28D3B19B0046E9C8 /* Frameworks */,
				CB9A6A2E28D3B19B0046E9C8 /* Resources */,
			);
			buildRules = (
			);
			dependencies = (
			);
			name = WhatsNewiOS16;
			productName = WhatsNewiOS16;
			productReference = CB9A6A3028D3B19C0046E9C8 /* WhatsNewiOS16.app */;
			productType = "com.apple.product-type.application";
		};
		CB9A6A3F28D3B19D0046E9C8 /* WhatsNewiOS16Tests */ = {
			isa = PBXNativeTarget;
			buildConfigurationList = CB9A6A5728D3B19D0046E9C8 /* Build configuration list for PBXNativeTarget "WhatsNewiOS16Tests" */;
			buildPhases = (
				CB9A6A3C28D3B19D0046E9C8 /* Sources */,
				CB9A6A3D28D3B19D0046E9C8 /* Frameworks */,
				CB9A6A3E28D3B19D0046E9C8 /* Resources */,
			);
			buildRules = (
			);
			dependencies = (
				CB9A6A4228D3B19D0046E9C8 /* PBXTargetDependency */,
			);
			name = WhatsNewiOS16Tests;
			productName = WhatsNewiOS16Tests;
			productReference = CB9A6A4028D3B19D0046E9C8 /* WhatsNewiOS16Tests.xctest */;
			productType = "com.apple.product-type.bundle.unit-test";
		};
		CB9A6A4928D3B19D0046E9C8 /* WhatsNewiOS16UITests */ = {
			isa = PBXNativeTarget;
			buildConfigurationList = CB9A6A5A28D3B19D0046E9C8 /* Build configuration list for PBXNativeTarget "WhatsNewiOS16UITests" */;
			buildPhases = (
				CB9A6A4628D3B19D0046E9C8 /* Sources */,
				CB9A6A4728D3B19D0046E9C8 /* Frameworks */,
				CB9A6A4828D3B19D0046E9C8 /* Resources */,
			);
			buildRules = (
			);
			dependencies = (
				CB9A6A4C28D3B19D0046E9C8 /* PBXTargetDependency */,
			);
			name = WhatsNewiOS16UITests;
			productName = WhatsNewiOS16UITests;
			productReference = CB9A6A4A28D3B19D0046E9C8 /* WhatsNewiOS16UITests.xctest */;
			productType = "com.apple.product-type.bundle.ui-testing";
		};
/* End PBXNativeTarget section */

/* Begin PBXProject section */
		CB9A6A2828D3B19B0046E9C8 /* Project object */ = {
			isa = PBXProject;
			attributes = {
				BuildIndependentTargetsInParallel = 1;
				LastSwiftUpdateCheck = 1400;
				LastUpgradeCheck = 1400;
				TargetAttributes = {
					CB9A6A2F28D3B19B0046E9C8 = {
						CreatedOnToolsVersion = 14.0;
					};
					CB9A6A3F28D3B19D0046E9C8 = {
						CreatedOnToolsVersion = 14.0;
						TestTargetID = CB9A6A2F28D3B19B0046E9C8;
					};
					CB9A6A4928D3B19D0046E9C8 = {
						CreatedOnToolsVersion = 14.0;
						TestTargetID = CB9A6A2F28D3B19B0046E9C8;
					};
				};
			};
			buildConfigurationList = CB9A6A2B28D3B19B0046E9C8 /* Build configuration list for PBXProject "WhatsNewiOS16" */;
			compatibilityVersion = "Xcode 14.0";
			developmentRegion = en;
			hasScannedForEncodings = 0;
			knownRegions = (
				en,
				Base,
			);
			mainGroup = CB9A6A2728D3B19B0046E9C8;
			productRefGroup = CB9A6A3128D3B19C0046E9C8 /* Products */;
			projectDirPath = "";
			projectRoot = "";
			targets = (
				CB9A6A2F28D3B19B0046E9C8 /* WhatsNewiOS16 */,
				CB9A6A3F28D3B19D0046E9C8 /* WhatsNewiOS16Tests */,
				CB9A6A4928D3B19D0046E9C8 /* WhatsNewiOS16UITests */,
			);
		};
/* End PBXProject section */

/* Begin PBXResourcesBuildPhase section */
		CB9A6A2E28D3B19B0046E9C8 /* Resources */ = {
			isa = PBXResourcesBuildPhase;
			buildActionMask = 2147483647;
			files = (
				CB9A6A3B28D3B19D0046E9C8 /* Preview Assets.xcassets in Resources */,
				CB9A6A3828D3B19D0046E9C8 /* Assets.xcassets in Resources */,
			);
			runOnlyForDeploymentPostprocessing = 0;
		};
		CB9A6A3E28D3B19D0046E9C8 /* Resources */ = {
			isa = PBXResourcesBuildPhase;
			buildActionMask = 2147483647;
			files = (
			);
			runOnlyForDeploymentPostprocessing = 0;
		};
		CB9A6A4828D3B19D0046E9C8 /* Resources */ = {
			isa = PBXResourcesBuildPhase;
			buildActionMask = 2147483647;
			files = (
			);
			runOnlyForDeploymentPostprocessing = 0;
		};
/* End PBXResourcesBuildPhase section */

/* Begin PBXSourcesBuildPhase section */
		CB9A6A2C28D3B19B0046E9C8 /* Sources */ = {
			isa = PBXSourcesBuildPhase;
			buildActionMask = 2147483647;
			files = (
				CB9A6A6228D3BA950046E9C8 /* SFSymbols4View.swift in Sources */,
				CB9A6A3628D3B19C0046E9C8 /* ContentView.swift in Sources */,
				CB9A6A3428D3B19C0046E9C8 /* WhatsNewiOS16App.swift in Sources */,
				CB9A6A5E28D3B2390046E9C8 /* ChartView.swift in Sources */,
			);
			runOnlyForDeploymentPostprocessing = 0;
		};
		CB9A6A3C28D3B19D0046E9C8 /* Sources */ = {
			isa = PBXSourcesBuildPhase;
			buildActionMask = 2147483647;
			files = (
				CB9A6A4528D3B19D0046E9C8 /* WhatsNewiOS16Tests.swift in Sources */,
			);
			runOnlyForDeploymentPostprocessing = 0;
		};
		CB9A6A4628D3B19D0046E9C8 /* Sources */ = {
			isa = PBXSourcesBuildPhase;
			buildActionMask = 2147483647;
			files = (
				CB9A6A5128D3B19D0046E9C8 /* WhatsNewiOS16UITestsLaunchTests.swift in Sources */,
				CB9A6A4F28D3B19D0046E9C8 /* WhatsNewiOS16UITests.swift in Sources */,
			);
			runOnlyForDeploymentPostprocessing = 0;
		};
/* End PBXSourcesBuildPhase section */

/* Begin PBXTargetDependency section */
		CB9A6A4228D3B19D0046E9C8 /* PBXTargetDependency */ = {
			isa = PBXTargetDependency;
			target = CB9A6A2F28D3B19B0046E9C8 /* WhatsNewiOS16 */;
			targetProxy = CB9A6A4128D3B19D0046E9C8 /* PBXContainerItemProxy */;
		};
		CB9A6A4C28D3B19D0046E9C8 /* PBXTargetDependency */ = {
			isa = PBXTargetDependency;
			target = CB9A6A2F28D3B19B0046E9C8 /* WhatsNewiOS16 */;
			targetProxy = CB9A6A4B28D3B19D0046E9C8 /* PBXContainerItemProxy */;
		};
/* End PBXTargetDependency section */

/* Begin XCBuildConfiguration section */
		CB9A6A5228D3B19D0046E9C8 /* Debug */ = {
			isa = XCBuildConfiguration;
			buildSettings = {
				ALWAYS_SEARCH_USER_PATHS = NO;
				CLANG_ANALYZER_NONNULL = YES;
				CLANG_ANALYZER_NUMBER_OBJECT_CONVERSION = YES_AGGRESSIVE;
				CLANG_CXX_LANGUAGE_STANDARD = "gnu++20";
				CLANG_ENABLE_MODULES = YES;
				CLANG_ENABLE_OBJC_ARC = YES;
				CLANG_ENABLE_OBJC_WEAK = YES;
				CLANG_WARN_BLOCK_CAPTURE_AUTORELEASING = YES;
				CLANG_WARN_BOOL_CONVERSION = YES;
				CLANG_WARN_COMMA = YES;
				CLANG_WARN_CONSTANT_CONVERSION = YES;
				CLANG_WARN_DEPRECATED_OBJC_IMPLEMENTATIONS = YES;
				CLANG_WARN_DIRECT_OBJC_ISA_USAGE = YES_ERROR;
				CLANG_WARN_DOCUMENTATION_COMMENTS = YES;
				CLANG_WARN_EMPTY_BODY = YES;
				CLANG_WARN_ENUM_CONVERSION = YES;
				CLANG_WARN_INFINITE_RECURSION = YES;
				CLANG_WARN_INT_CONVERSION = YES;
				CLANG_WARN_NON_LITERAL_NULL_CONVERSION = YES;
				CLANG_WARN_OBJC_IMPLICIT_RETAIN_SELF = YES;
				CLANG_WARN_OBJC_LITERAL_CONVERSION = YES;
				CLANG_WARN_OBJC_ROOT_CLASS = YES_ERROR;
				CLANG_WARN_QUOTED_INCLUDE_IN_FRAMEWORK_HEADER = YES;
				CLANG_WARN_RANGE_LOOP_ANALYSIS = YES;
				CLANG_WARN_STRICT_PROTOTYPES = YES;
				CLANG_WARN_SUSPICIOUS_MOVE = YES;
				CLANG_WARN_UNGUARDED_AVAILABILITY = YES_AGGRESSIVE;
				CLANG_WARN_UNREACHABLE_CODE = YES;
				CLANG_WARN__DUPLICATE_METHOD_MATCH = YES;
				COPY_PHASE_STRIP = NO;
				DEBUG_INFORMATION_FORMAT = dwarf;
				ENABLE_STRICT_OBJC_MSGSEND = YES;
				ENABLE_TESTABILITY = YES;
				GCC_C_LANGUAGE_STANDARD = gnu11;
				GCC_DYNAMIC_NO_PIC = NO;
				GCC_NO_COMMON_BLOCKS = YES;
				GCC_OPTIMIZATION_LEVEL = 0;
				GCC_PREPROCESSOR_DEFINITIONS = (
					"DEBUG=1",
					"$(inherited)",
				);
				GCC_WARN_64_TO_32_BIT_CONVERSION = YES;
				GCC_WARN_ABOUT_RETURN_TYPE = YES_ERROR;
				GCC_WARN_UNDECLARED_SELECTOR = YES;
				GCC_WARN_UNINITIALIZED_AUTOS = YES_AGGRESSIVE;
				GCC_WARN_UNUSED_FUNCTION = YES;
				GCC_WARN_UNUSED_VARIABLE = YES;
				IPHONEOS_DEPLOYMENT_TARGET = 16.0;
				MTL_ENABLE_DEBUG_INFO = INCLUDE_SOURCE;
				MTL_FAST_MATH = YES;
				ONLY_ACTIVE_ARCH = YES;
				SDKROOT = iphoneos;
				SWIFT_ACTIVE_COMPILATION_CONDITIONS = DEBUG;
				SWIFT_OPTIMIZATION_LEVEL = "-Onone";
			};
			name = Debug;
		};
		CB9A6A5328D3B19D0046E9C8 /* Release */ = {
			isa = XCBuildConfiguration;
			buildSettings = {
				ALWAYS_SEARCH_USER_PATHS = NO;
				CLANG_ANALYZER_NONNULL = YES;
				CLANG_ANALYZER_NUMBER_OBJECT_CONVERSION = YES_AGGRESSIVE;
				CLANG_CXX_LANGUAGE_STANDARD = "gnu++20";
				CLANG_ENABLE_MODULES = YES;
				CLANG_ENABLE_OBJC_ARC = YES;
				CLANG_ENABLE_OBJC_WEAK = YES;
				CLANG_WARN_BLOCK_CAPTURE_AUTORELEASING = YES;
				CLANG_WARN_BOOL_CONVERSION = YES;
				CLANG_WARN_COMMA = YES;
				CLANG_WARN_CONSTANT_CONVERSION = YES;
				CLANG_WARN_DEPRECATED_OBJC_IMPLEMENTATIONS = YES;
				CLANG_WARN_DIRECT_OBJC_ISA_USAGE = YES_ERROR;
				CLANG_WARN_DOCUMENTATION_COMMENTS = YES;
				CLANG_WARN_EMPTY_BODY = YES;
				CLANG_WARN_ENUM_CONVERSION = YES;
				CLANG_WARN_INFINITE_RECURSION = YES;
				CLANG_WARN_INT_CONVERSION = YES;
				CLANG_WARN_NON_LITERAL_NULL_CONVERSION = YES;
				CLANG_WARN_OBJC_IMPLICIT_RETAIN_SELF = YES;
				CLANG_WARN_OBJC_LITERAL_CONVERSION = YES;
				CLANG_WARN_OBJC_ROOT_CLASS = YES_ERROR;
				CLANG_WARN_QUOTED_INCLUDE_IN_FRAMEWORK_HEADER = YES;
				CLANG_WARN_RANGE_LOOP_ANALYSIS = YES;
				CLANG_WARN_STRICT_PROTOTYPES = YES;
				CLANG_WARN_SUSPICIOUS_MOVE = YES;
				CLANG_WARN_UNGUARDED_AVAILABILITY = YES_AGGRESSIVE;
				CLANG_WARN_UNREACHABLE_CODE = YES;
				CLANG_WARN__DUPLICATE_METHOD_MATCH = YES;
				COPY_PHASE_STRIP = NO;
				DEBUG_INFORMATION_FORMAT = "dwarf-with-dsym";
				ENABLE_NS_ASSERTIONS = NO;
				ENABLE_STRICT_OBJC_MSGSEND = YES;
				GCC_C_LANGUAGE_STANDARD = gnu11;
				GCC_NO_COMMON_BLOCKS = YES;
				GCC_WARN_64_TO_32_BIT_CONVERSION = YES;
				GCC_WARN_ABOUT_RETURN_TYPE = YES_ERROR;
				GCC_WARN_UNDECLARED_SELECTOR = YES;
				GCC_WARN_UNINITIALIZED_AUTOS = YES_AGGRESSIVE;
				GCC_WARN_UNUSED_FUNCTION = YES;
				GCC_WARN_UNUSED_VARIABLE = YES;
				IPHONEOS_DEPLOYMENT_TARGET = 16.0;
				MTL_ENABLE_DEBUG_INFO = NO;
				MTL_FAST_MATH = YES;
				SDKROOT = iphoneos;
				SWIFT_COMPILATION_MODE = wholemodule;
				SWIFT_OPTIMIZATION_LEVEL = "-O";
				VALIDATE_PRODUCT = YES;
			};
			name = Release;
		};
		CB9A6A5528D3B19D0046E9C8 /* Debug */ = {
			isa = XCBuildConfiguration;
			buildSettings = {
				ASSETCATALOG_COMPILER_APPICON_NAME = AppIcon;
				ASSETCATALOG_COMPILER_GLOBAL_ACCENT_COLOR_NAME = AccentColor;
				CODE_SIGN_STYLE = Automatic;
				CURRENT_PROJECT_VERSION = 1;
				DEVELOPMENT_ASSET_PATHS = "\"WhatsNewiOS16/Preview Content\"";
				DEVELOPMENT_TEAM = Y3RYSU9BGS;
				ENABLE_PREVIEWS = YES;
				GENERATE_INFOPLIST_FILE = YES;
				INFOPLIST_KEY_UIApplicationSceneManifest_Generation = YES;
				INFOPLIST_KEY_UIApplicationSupportsIndirectInputEvents = YES;
				INFOPLIST_KEY_UILaunchScreen_Generation = YES;
				INFOPLIST_KEY_UISupportedInterfaceOrientations_iPad = "UIInterfaceOrientationPortrait UIInterfaceOrientationPortraitUpsideDown UIInterfaceOrientationLandscapeLeft UIInterfaceOrientationLandscapeRight";
				INFOPLIST_KEY_UISupportedInterfaceOrientations_iPhone = "UIInterfaceOrientationPortrait UIInterfaceOrientationLandscapeLeft UIInterfaceOrientationLandscapeRight";
				LD_RUNPATH_SEARCH_PATHS = (
					"$(inherited)",
					"@executable_path/Frameworks",
				);
				MARKETING_VERSION = 1.0;
				PRODUCT_BUNDLE_IDENTIFIER = umerdeveloper.github.com.WhatsNewiOS16;
				PRODUCT_NAME = "$(TARGET_NAME)";
				SWIFT_EMIT_LOC_STRINGS = YES;
				SWIFT_VERSION = 5.0;
				TARGETED_DEVICE_FAMILY = "1,2";
			};
			name = Debug;
		};
		CB9A6A5628D3B19D0046E9C8 /* Release */ = {
			isa = XCBuildConfiguration;
			buildSettings = {
				ASSETCATALOG_COMPILER_APPICON_NAME = AppIcon;
				ASSETCATALOG_COMPILER_GLOBAL_ACCENT_COLOR_NAME = AccentColor;
				CODE_SIGN_STYLE = Automatic;
				CURRENT_PROJECT_VERSION = 1;
				DEVELOPMENT_ASSET_PATHS = "\"WhatsNewiOS16/Preview Content\"";
				DEVELOPMENT_TEAM = Y3RYSU9BGS;
				ENABLE_PREVIEWS = YES;
				GENERATE_INFOPLIST_FILE = YES;
				INFOPLIST_KEY_UIApplicationSceneManifest_Generation = YES;
				INFOPLIST_KEY_UIApplicationSupportsIndirectInputEvents = YES;
				INFOPLIST_KEY_UILaunchScreen_Generation = YES;
				INFOPLIST_KEY_UISupportedInterfaceOrientations_iPad = "UIInterfaceOrientationPortrait UIInterfaceOrientationPortraitUpsideDown UIInterfaceOrientationLandscapeLeft UIInterfaceOrientationLandscapeRight";
				INFOPLIST_KEY_UISupportedInterfaceOrientations_iPhone = "UIInterfaceOrientationPortrait UIInterfaceOrientationLandscapeLeft UIInterfaceOrientationLandscapeRight";
				LD_RUNPATH_SEARCH_PATHS = (
					"$(inherited)",
					"@executable_path/Frameworks",
				);
				MARKETING_VERSION = 1.0;
				PRODUCT_BUNDLE_IDENTIFIER = umerdeveloper.github.com.WhatsNewiOS16;
				PRODUCT_NAME = "$(TARGET_NAME)";
				SWIFT_EMIT_LOC_STRINGS = YES;
				SWIFT_VERSION = 5.0;
				TARGETED_DEVICE_FAMILY = "1,2";
			};
			name = Release;
		};
		CB9A6A5828D3B19D0046E9C8 /* Debug */ = {
			isa = XCBuildConfiguration;
			buildSettings = {
				ALWAYS_EMBED_SWIFT_STANDARD_LIBRARIES = YES;
				BUNDLE_LOADER = "$(TEST_HOST)";
				CODE_SIGN_STYLE = Automatic;
				CURRENT_PROJECT_VERSION = 1;
				DEVELOPMENT_TEAM = Y3RYSU9BGS;
				GENERATE_INFOPLIST_FILE = YES;
				IPHONEOS_DEPLOYMENT_TARGET = 16.0;
				MARKETING_VERSION = 1.0;
				PRODUCT_BUNDLE_IDENTIFIER = umerdeveloper.github.com.WhatsNewiOS16Tests;
				PRODUCT_NAME = "$(TARGET_NAME)";
				SWIFT_EMIT_LOC_STRINGS = NO;
				SWIFT_VERSION = 5.0;
				TARGETED_DEVICE_FAMILY = "1,2";
				TEST_HOST = "$(BUILT_PRODUCTS_DIR)/WhatsNewiOS16.app/$(BUNDLE_EXECUTABLE_FOLDER_PATH)/WhatsNewiOS16";
			};
			name = Debug;
		};
		CB9A6A5928D3B19D0046E9C8 /* Release */ = {
			isa = XCBuildConfiguration;
			buildSettings = {
				ALWAYS_EMBED_SWIFT_STANDARD_LIBRARIES = YES;
				BUNDLE_LOADER = "$(TEST_HOST)";
				CODE_SIGN_STYLE = Automatic;
				CURRENT_PROJECT_VERSION = 1;
				DEVELOPMENT_TEAM = Y3RYSU9BGS;
				GENERATE_INFOPLIST_FILE = YES;
				IPHONEOS_DEPLOYMENT_TARGET = 16.0;
				MARKETING_VERSION = 1.0;
				PRODUCT_BUNDLE_IDENTIFIER = umerdeveloper.github.com.WhatsNewiOS16Tests;
				PRODUCT_NAME = "$(TARGET_NAME)";
				SWIFT_EMIT_LOC_STRINGS = NO;
				SWIFT_VERSION = 5.0;
				TARGETED_DEVICE_FAMILY = "1,2";
				TEST_HOST = "$(BUILT_PRODUCTS_DIR)/WhatsNewiOS16.app/$(BUNDLE_EXECUTABLE_FOLDER_PATH)/WhatsNewiOS16";
			};
			name = Release;
		};
		CB9A6A5B28D3B19D0046E9C8 /* Debug */ = {
			isa = XCBuildConfiguration;
			buildSettings = {
				ALWAYS_EMBED_SWIFT_STANDARD_LIBRARIES = YES;
				CODE_SIGN_STYLE = Automatic;
				CURRENT_PROJECT_VERSION = 1;
				DEVELOPMENT_TEAM = Y3RYSU9BGS;
				GENERATE_INFOPLIST_FILE = YES;
				MARKETING_VERSION = 1.0;
				PRODUCT_BUNDLE_IDENTIFIER = umerdeveloper.github.com.WhatsNewiOS16UITests;
				PRODUCT_NAME = "$(TARGET_NAME)";
				SWIFT_EMIT_LOC_STRINGS = NO;
				SWIFT_VERSION = 5.0;
				TARGETED_DEVICE_FAMILY = "1,2";
				TEST_TARGET_NAME = WhatsNewiOS16;
			};
			name = Debug;
		};
		CB9A6A5C28D3B19D0046E9C8 /* Release */ = {
			isa = XCBuildConfiguration;
			buildSettings = {
				ALWAYS_EMBED_SWIFT_STANDARD_LIBRARIES = YES;
				CODE_SIGN_STYLE = Automatic;
				CURRENT_PROJECT_VERSION = 1;
				DEVELOPMENT_TEAM = Y3RYSU9BGS;
				GENERATE_INFOPLIST_FILE = YES;
				MARKETING_VERSION = 1.0;
				PRODUCT_BUNDLE_IDENTIFIER = umerdeveloper.github.com.WhatsNewiOS16UITests;
				PRODUCT_NAME = "$(TARGET_NAME)";
				SWIFT_EMIT_LOC_STRINGS = NO;
				SWIFT_VERSION = 5.0;
				TARGETED_DEVICE_FAMILY = "1,2";
				TEST_TARGET_NAME = WhatsNewiOS16;
			};
			name = Release;
		};
/* End XCBuildConfiguration section */

/* Begin XCConfigurationList section */
		CB9A6A2B28D3B19B0046E9C8 /* Build configuration list for PBXProject "WhatsNewiOS16" */ = {
			isa = XCConfigurationList;
			buildConfigurations = (
				CB9A6A5228D3B19D0046E9C8 /* Debug */,
				CB9A6A5328D3B19D0046E9C8 /* Release */,
			);
			defaultConfigurationIsVisible = 0;
			defaultConfigurationName = Release;
		};
		CB9A6A5428D3B19D0046E9C8 /* Build configuration list for PBXNativeTarget "WhatsNewiOS16" */ = {
			isa = XCConfigurationList;
			buildConfigurations = (
				CB9A6A5528D3B19D0046E9C8 /* Debug */,
				CB9A6A5628D3B19D0046E9C8 /* Release */,
			);
			defaultConfigurationIsVisible = 0;
			defaultConfigurationName = Release;
		};
		CB9A6A5728D3B19D0046E9C8 /* Build configuration list for PBXNativeTarget "WhatsNewiOS16Tests" */ = {
			isa = XCConfigurationList;
			buildConfigurations = (
				CB9A6A5828D3B19D0046E9C8 /* Debug */,
				CB9A6A5928D3B19D0046E9C8 /* Release */,
			);
			defaultConfigurationIsVisible = 0;
			defaultConfigurationName = Release;
		};
		CB9A6A5A28D3B19D0046E9C8 /* Build configuration list for PBXNativeTarget "WhatsNewiOS16UITests" */ = {
			isa = XCConfigurationList;
			buildConfigurations = (
				CB9A6A5B28D3B19D0046E9C8 /* Debug */,
				CB9A6A5C28D3B19D0046E9C8 /* Release */,
			);
			defaultConfigurationIsVisible = 0;
			defaultConfigurationName = Release;
		};
/* End XCConfigurationList section */
	};
	rootObject = CB9A6A2828D3B19B0046E9C8 /* Project object */;
}
